// !$*UTF8*$!
{
	archiveVersion = 1;
	classes = {
	};
	objectVersion = 60;
	objects = {

/* Begin PBXBuildFile section */
		6FB570402C6DE58E00E6A173 /* AppDelegate.swift in Sources */ = {isa = PBXBuildFile; fileRef = 6FB5703F2C6DE58E00E6A173 /* AppDelegate.swift */; };
		6FB570422C6DE58E00E6A173 /* SceneDelegate.swift in Sources */ = {isa = PBXBuildFile; fileRef = 6FB570412C6DE58E00E6A173 /* SceneDelegate.swift */; };
		6FB570442C6DE58E00E6A173 /* ViewController.swift in Sources */ = {isa = PBXBuildFile; fileRef = 6FB570432C6DE58E00E6A173 /* ViewController.swift */; };
		6FB570472C6DE58E00E6A173 /* Base in Resources */ = {isa = PBXBuildFile; fileRef = 6FB570462C6DE58E00E6A173 /* Base */; };
		6FB570492C6DE58F00E6A173 /* Assets.xcassets in Resources */ = {isa = PBXBuildFile; fileRef = 6FB570482C6DE58F00E6A173 /* Assets.xcassets */; };
		6FB5704C2C6DE58F00E6A173 /* Base in Resources */ = {isa = PBXBuildFile; fileRef = 6FB5704B2C6DE58F00E6A173 /* Base */; };
		6FB570572C6DE58F00E6A173 /* PhotoEditorTests.swift in Sources */ = {isa = PBXBuildFile; fileRef = 6FB570562C6DE58F00E6A173 /* PhotoEditorTests.swift */; };
		6FB570612C6DE58F00E6A173 /* PhotoEditorUITests.swift in Sources */ = {isa = PBXBuildFile; fileRef = 6FB570602C6DE58F00E6A173 /* PhotoEditorUITests.swift */; };
		6FB570632C6DE58F00E6A173 /* PhotoEditorUITestsLaunchTests.swift in Sources */ = {isa = PBXBuildFile; fileRef = 6FB570622C6DE58F00E6A173 /* PhotoEditorUITestsLaunchTests.swift */; };
		6FB570722C6DE97700E6A173 /* SelectPictureViewController.swift in Sources */ = {isa = PBXBuildFile; fileRef = 6FB570712C6DE97700E6A173 /* SelectPictureViewController.swift */; };
		6FB570742C6DF1FA00E6A173 /* EditPictureViewController.swift in Sources */ = {isa = PBXBuildFile; fileRef = 6FB570732C6DF1FA00E6A173 /* EditPictureViewController.swift */; };
/* End PBXBuildFile section */

/* Begin PBXContainerItemProxy section */
		6FB570532C6DE58F00E6A173 /* PBXContainerItemProxy */ = {
			isa = PBXContainerItemProxy;
			containerPortal = 6FB570342C6DE58E00E6A173 /* Project object */;
			proxyType = 1;
			remoteGlobalIDString = 6FB5703B2C6DE58E00E6A173;
			remoteInfo = PhotoEditor;
		};
		6FB5705D2C6DE58F00E6A173 /* PBXContainerItemProxy */ = {
			isa = PBXContainerItemProxy;
			containerPortal = 6FB570342C6DE58E00E6A173 /* Project object */;
			proxyType = 1;
			remoteGlobalIDString = 6FB5703B2C6DE58E00E6A173;
			remoteInfo = PhotoEditor;
		};
/* End PBXContainerItemProxy section */

/* Begin PBXFileReference section */
		6FB5703C2C6DE58E00E6A173 /* PhotoEditor.app */ = {isa = PBXFileReference; explicitFileType = wrapper.application; includeInIndex = 0; path = PhotoEditor.app; sourceTree = BUILT_PRODUCTS_DIR; };
		6FB5703F2C6DE58E00E6A173 /* AppDelegate.swift */ = {isa = PBXFileReference; lastKnownFileType = sourcecode.swift; path = AppDelegate.swift; sourceTree = "<group>"; };
		6FB570412C6DE58E00E6A173 /* SceneDelegate.swift */ = {isa = PBXFileReference; lastKnownFileType = sourcecode.swift; path = SceneDelegate.swift; sourceTree = "<group>"; };
		6FB570432C6DE58E00E6A173 /* ViewController.swift */ = {isa = PBXFileReference; lastKnownFileType = sourcecode.swift; path = ViewController.swift; sourceTree = "<group>"; };
		6FB570462C6DE58E00E6A173 /* Base */ = {isa = PBXFileReference; lastKnownFileType = file.storyboard; name = Base; path = Base.lproj/Main.storyboard; sourceTree = "<group>"; };
		6FB570482C6DE58F00E6A173 /* Assets.xcassets */ = {isa = PBXFileReference; lastKnownFileType = folder.assetcatalog; path = Assets.xcassets; sourceTree = "<group>"; };
		6FB5704B2C6DE58F00E6A173 /* Base */ = {isa = PBXFileReference; lastKnownFileType = file.storyboard; name = Base; path = Base.lproj/LaunchScreen.storyboard; sourceTree = "<group>"; };
		6FB5704D2C6DE58F00E6A173 /* Info.plist */ = {isa = PBXFileReference; lastKnownFileType = text.plist.xml; path = Info.plist; sourceTree = "<group>"; };
		6FB570522C6DE58F00E6A173 /* PhotoEditorTests.xctest */ = {isa = PBXFileReference; explicitFileType = wrapper.cfbundle; includeInIndex = 0; path = PhotoEditorTests.xctest; sourceTree = BUILT_PRODUCTS_DIR; };
		6FB570562C6DE58F00E6A173 /* PhotoEditorTests.swift */ = {isa = PBXFileReference; lastKnownFileType = sourcecode.swift; path = PhotoEditorTests.swift; sourceTree = "<group>"; };
		6FB5705C2C6DE58F00E6A173 /* PhotoEditorUITests.xctest */ = {isa = PBXFileReference; explicitFileType = wrapper.cfbundle; includeInIndex = 0; path = PhotoEditorUITests.xctest; sourceTree = BUILT_PRODUCTS_DIR; };
		6FB570602C6DE58F00E6A173 /* PhotoEditorUITests.swift */ = {isa = PBXFileReference; lastKnownFileType = sourcecode.swift; path = PhotoEditorUITests.swift; sourceTree = "<group>"; };
		6FB570622C6DE58F00E6A173 /* PhotoEditorUITestsLaunchTests.swift */ = {isa = PBXFileReference; lastKnownFileType = sourcecode.swift; path = PhotoEditorUITestsLaunchTests.swift; sourceTree = "<group>"; };
		6FB570712C6DE97700E6A173 /* SelectPictureViewController.swift */ = {isa = PBXFileReference; lastKnownFileType = sourcecode.swift; path = SelectPictureViewController.swift; sourceTree = "<group>"; };
		6FB570732C6DF1FA00E6A173 /* EditPictureViewController.swift */ = {isa = PBXFileReference; lastKnownFileType = sourcecode.swift; path = EditPictureViewController.swift; sourceTree = "<group>"; };
/* End PBXFileReference section */

/* Begin PBXFrameworksBuildPhase section */
		6FB570392C6DE58E00E6A173 /* Frameworks */ = {
			isa = PBXFrameworksBuildPhase;
			buildActionMask = 2147483647;
			files = (
			);
			runOnlyForDeploymentPostprocessing = 0;
		};
		6FB5704F2C6DE58F00E6A173 /* Frameworks */ = {
			isa = PBXFrameworksBuildPhase;
			buildActionMask = 2147483647;
			files = (
			);
			runOnlyForDeploymentPostprocessing = 0;
		};
		6FB570592C6DE58F00E6A173 /* Frameworks */ = {
			isa = PBXFrameworksBuildPhase;
			buildActionMask = 2147483647;
			files = (
			);
			runOnlyForDeploymentPostprocessing = 0;
		};
/* End PBXFrameworksBuildPhase section */

/* Begin PBXGroup section */
		6FB570332C6DE58E00E6A173 = {
			isa = PBXGroup;
			children = (
				6FB5703E2C6DE58E00E6A173 /* PhotoEditor */,
				6FB570552C6DE58F00E6A173 /* PhotoEditorTests */,
				6FB5705F2C6DE58F00E6A173 /* PhotoEditorUITests */,
				6FB5703D2C6DE58E00E6A173 /* Products */,
			);
			sourceTree = "<group>";
		};
		6FB5703D2C6DE58E00E6A173 /* Products */ = {
			isa = PBXGroup;
			children = (
				6FB5703C2C6DE58E00E6A173 /* PhotoEditor.app */,
				6FB570522C6DE58F00E6A173 /* PhotoEditorTests.xctest */,
				6FB5705C2C6DE58F00E6A173 /* PhotoEditorUITests.xctest */,
			);
			name = Products;
			sourceTree = "<group>";
		};
		6FB5703E2C6DE58E00E6A173 /* PhotoEditor */ = {
			isa = PBXGroup;
			children = (
				6FB5703F2C6DE58E00E6A173 /* AppDelegate.swift */,
				6FB570412C6DE58E00E6A173 /* SceneDelegate.swift */,
				6FB570432C6DE58E00E6A173 /* ViewController.swift */,
				6FB570452C6DE58E00E6A173 /* Main.storyboard */,
				6FB570732C6DF1FA00E6A173 /* EditPictureViewController.swift */,
				6FB570712C6DE97700E6A173 /* SelectPictureViewController.swift */,
				6FB570482C6DE58F00E6A173 /* Assets.xcassets */,
				6FB5704A2C6DE58F00E6A173 /* LaunchScreen.storyboard */,
				6FB5704D2C6DE58F00E6A173 /* Info.plist */,
			);
			path = PhotoEditor;
			sourceTree = "<group>";
		};
		6FB570552C6DE58F00E6A173 /* PhotoEditorTests */ = {
			isa = PBXGroup;
			children = (
				6FB570562C6DE58F00E6A173 /* PhotoEditorTests.swift */,
			);
			path = PhotoEditorTests;
			sourceTree = "<group>";
		};
		6FB5705F2C6DE58F00E6A173 /* PhotoEditorUITests */ = {
			isa = PBXGroup;
			children = (
				6FB570602C6DE58F00E6A173 /* PhotoEditorUITests.swift */,
				6FB570622C6DE58F00E6A173 /* PhotoEditorUITestsLaunchTests.swift */,
			);
			path = PhotoEditorUITests;
			sourceTree = "<group>";
		};
/* End PBXGroup section */

/* Begin PBXNativeTarget section */
		6FB5703B2C6DE58E00E6A173 /* PhotoEditor */ = {
			isa = PBXNativeTarget;
			buildConfigurationList = 6FB570662C6DE58F00E6A173 /* Build configuration list for PBXNativeTarget "PhotoEditor" */;
			buildPhases = (
				6FB570382C6DE58E00E6A173 /* Sources */,
				6FB570392C6DE58E00E6A173 /* Frameworks */,
				6FB5703A2C6DE58E00E6A173 /* Resources */,
			);
			buildRules = (
			);
			dependencies = (
			);
			name = PhotoEditor;
			productName = PhotoEditor;
			productReference = 6FB5703C2C6DE58E00E6A173 /* PhotoEditor.app */;
			productType = "com.apple.product-type.application";
		};
		6FB570512C6DE58F00E6A173 /* PhotoEditorTests */ = {
			isa = PBXNativeTarget;
			buildConfigurationList = 6FB570692C6DE58F00E6A173 /* Build configuration list for PBXNativeTarget "PhotoEditorTests" */;
			buildPhases = (
				6FB5704E2C6DE58F00E6A173 /* Sources */,
				6FB5704F2C6DE58F00E6A173 /* Frameworks */,
				6FB570502C6DE58F00E6A173 /* Resources */,
			);
			buildRules = (
			);
			dependencies = (
				6FB570542C6DE58F00E6A173 /* PBXTargetDependency */,
			);
			name = PhotoEditorTests;
			productName = PhotoEditorTests;
			productReference = 6FB570522C6DE58F00E6A173 /* PhotoEditorTests.xctest */;
			productType = "com.apple.product-type.bundle.unit-test";
		};
		6FB5705B2C6DE58F00E6A173 /* PhotoEditorUITests */ = {
			isa = PBXNativeTarget;
			buildConfigurationList = 6FB5706C2C6DE58F00E6A173 /* Build configuration list for PBXNativeTarget "PhotoEditorUITests" */;
			buildPhases = (
				6FB570582C6DE58F00E6A173 /* Sources */,
				6FB570592C6DE58F00E6A173 /* Frameworks */,
				6FB5705A2C6DE58F00E6A173 /* Resources */,
			);
			buildRules = (
			);
			dependencies = (
				6FB5705E2C6DE58F00E6A173 /* PBXTargetDependency */,
			);
			name = PhotoEditorUITests;
			productName = PhotoEditorUITests;
			productReference = 6FB5705C2C6DE58F00E6A173 /* PhotoEditorUITests.xctest */;
			productType = "com.apple.product-type.bundle.ui-testing";
		};
/* End PBXNativeTarget section */

/* Begin PBXProject section */
		6FB570342C6DE58E00E6A173 /* Project object */ = {
			isa = PBXProject;
			attributes = {
				BuildIndependentTargetsInParallel = 1;
				LastSwiftUpdateCheck = 1600;
				LastUpgradeCheck = 1600;
				TargetAttributes = {
					6FB5703B2C6DE58E00E6A173 = {
						CreatedOnToolsVersion = 16.0;
					};
					6FB570512C6DE58F00E6A173 = {
						CreatedOnToolsVersion = 16.0;
						TestTargetID = 6FB5703B2C6DE58E00E6A173;
					};
					6FB5705B2C6DE58F00E6A173 = {
						CreatedOnToolsVersion = 16.0;
						TestTargetID = 6FB5703B2C6DE58E00E6A173;
					};
				};
			};
			buildConfigurationList = 6FB570372C6DE58E00E6A173 /* Build configuration list for PBXProject "PhotoEditor" */;
			compatibilityVersion = "Xcode 15.0";
			developmentRegion = en;
			hasScannedForEncodings = 0;
			knownRegions = (
				en,
				Base,
			);
			mainGroup = 6FB570332C6DE58E00E6A173;
			productRefGroup = 6FB5703D2C6DE58E00E6A173 /* Products */;
			projectDirPath = "";
			projectRoot = "";
			targets = (
				6FB5703B2C6DE58E00E6A173 /* PhotoEditor */,
				6FB570512C6DE58F00E6A173 /* PhotoEditorTests */,
				6FB5705B2C6DE58F00E6A173 /* PhotoEditorUITests */,
			);
		};
/* End PBXProject section */

/* Begin PBXResourcesBuildPhase section */
		6FB5703A2C6DE58E00E6A173 /* Resources */ = {
			isa = PBXResourcesBuildPhase;
			buildActionMask = 2147483647;
			files = (
				6FB570492C6DE58F00E6A173 /* Assets.xcassets in Resources */,
				6FB5704C2C6DE58F00E6A173 /* Base in Resources */,
				6FB570472C6DE58E00E6A173 /* Base in Resources */,
			);
			runOnlyForDeploymentPostprocessing = 0;
		};
		6FB570502C6DE58F00E6A173 /* Resources */ = {
			isa = PBXResourcesBuildPhase;
			buildActionMask = 2147483647;
			files = (
			);
			runOnlyForDeploymentPostprocessing = 0;
		};
		6FB5705A2C6DE58F00E6A173 /* Resources */ = {
			isa = PBXResourcesBuildPhase;
			buildActionMask = 2147483647;
			files = (
			);
			runOnlyForDeploymentPostprocessing = 0;
		};
/* End PBXResourcesBuildPhase section */

/* Begin PBXSourcesBuildPhase section */
		6FB570382C6DE58E00E6A173 /* Sources */ = {
			isa = PBXSourcesBuildPhase;
			buildActionMask = 2147483647;
			files = (
				6FB570442C6DE58E00E6A173 /* ViewController.swift in Sources */,
				6FB570722C6DE97700E6A173 /* SelectPictureViewController.swift in Sources */,
				6FB570402C6DE58E00E6A173 /* AppDelegate.swift in Sources */,
				6FB570742C6DF1FA00E6A173 /* EditPictureViewController.swift in Sources */,
				6FB570422C6DE58E00E6A173 /* SceneDelegate.swift in Sources */,
			);
			runOnlyForDeploymentPostprocessing = 0;
		};
		6FB5704E2C6DE58F00E6A173 /* Sources */ = {
			isa = PBXSourcesBuildPhase;
			buildActionMask = 2147483647;
			files = (
				6FB570572C6DE58F00E6A173 /* PhotoEditorTests.swift in Sources */,
			);
			runOnlyForDeploymentPostprocessing = 0;
		};
		6FB570582C6DE58F00E6A173 /* Sources */ = {
			isa = PBXSourcesBuildPhase;
			buildActionMask = 2147483647;
			files = (
				6FB570632C6DE58F00E6A173 /* PhotoEditorUITestsLaunchTests.swift in Sources */,
				6FB570612C6DE58F00E6A173 /* PhotoEditorUITests.swift in Sources */,
			);
			runOnlyForDeploymentPostprocessing = 0;
		};
/* End PBXSourcesBuildPhase section */

/* Begin PBXTargetDependency section */
		6FB570542C6DE58F00E6A173 /* PBXTargetDependency */ = {
			isa = PBXTargetDependency;
			target = 6FB5703B2C6DE58E00E6A173 /* PhotoEditor */;
			targetProxy = 6FB570532C6DE58F00E6A173 /* PBXContainerItemProxy */;
		};
		6FB5705E2C6DE58F00E6A173 /* PBXTargetDependency */ = {
			isa = PBXTargetDependency;
			target = 6FB5703B2C6DE58E00E6A173 /* PhotoEditor */;
			targetProxy = 6FB5705D2C6DE58F00E6A173 /* PBXContainerItemProxy */;
		};
/* End PBXTargetDependency section */

/* Begin PBXVariantGroup section */
		6FB570452C6DE58E00E6A173 /* Main.storyboard */ = {
			isa = PBXVariantGroup;
			children = (
				6FB570462C6DE58E00E6A173 /* Base */,
			);
			name = Main.storyboard;
			sourceTree = "<group>";
		};
		6FB5704A2C6DE58F00E6A173 /* LaunchScreen.storyboard */ = {
			isa = PBXVariantGroup;
			children = (
				6FB5704B2C6DE58F00E6A173 /* Base */,
			);
			name = LaunchScreen.storyboard;
			sourceTree = "<group>";
		};
/* End PBXVariantGroup section */

/* Begin XCBuildConfiguration section */
		6FB570642C6DE58F00E6A173 /* Debug */ = {
			isa = XCBuildConfiguration;
			buildSettings = {
				ALWAYS_SEARCH_USER_PATHS = NO;
				ASSETCATALOG_COMPILER_GENERATE_SWIFT_ASSET_SYMBOL_EXTENSIONS = YES;
				CLANG_ANALYZER_NONNULL = YES;
				CLANG_ANALYZER_NUMBER_OBJECT_CONVERSION = YES_AGGRESSIVE;
				CLANG_CXX_LANGUAGE_STANDARD = "gnu++20";
				CLANG_ENABLE_MODULES = YES;
				CLANG_ENABLE_OBJC_ARC = YES;
				CLANG_ENABLE_OBJC_WEAK = YES;
				CLANG_WARN_BLOCK_CAPTURE_AUTORELEASING = YES;
				CLANG_WARN_BOOL_CONVERSION = YES;
				CLANG_WARN_COMMA = YES;
				CLANG_WARN_CONSTANT_CONVERSION = YES;
				CLANG_WARN_DEPRECATED_OBJC_IMPLEMENTATIONS = YES;
				CLANG_WARN_DIRECT_OBJC_ISA_USAGE = YES_ERROR;
				CLANG_WARN_DOCUMENTATION_COMMENTS = YES;
				CLANG_WARN_EMPTY_BODY = YES;
				CLANG_WARN_ENUM_CONVERSION = YES;
				CLANG_WARN_INFINITE_RECURSION = YES;
				CLANG_WARN_INT_CONVERSION = YES;
				CLANG_WARN_NON_LITERAL_NULL_CONVERSION = YES;
				CLANG_WARN_OBJC_IMPLICIT_RETAIN_SELF = YES;
				CLANG_WARN_OBJC_LITERAL_CONVERSION = YES;
				CLANG_WARN_OBJC_ROOT_CLASS = YES_ERROR;
				CLANG_WARN_QUOTED_INCLUDE_IN_FRAMEWORK_HEADER = YES;
				CLANG_WARN_RANGE_LOOP_ANALYSIS = YES;
				CLANG_WARN_STRICT_PROTOTYPES = YES;
				CLANG_WARN_SUSPICIOUS_MOVE = YES;
				CLANG_WARN_UNGUARDED_AVAILABILITY = YES_AGGRESSIVE;
				CLANG_WARN_UNREACHABLE_CODE = YES;
				CLANG_WARN__DUPLICATE_METHOD_MATCH = YES;
				COPY_PHASE_STRIP = NO;
				DEBUG_INFORMATION_FORMAT = dwarf;
				ENABLE_STRICT_OBJC_MSGSEND = YES;
				ENABLE_TESTABILITY = YES;
				ENABLE_USER_SCRIPT_SANDBOXING = YES;
				GCC_C_LANGUAGE_STANDARD = gnu17;
				GCC_DYNAMIC_NO_PIC = NO;
				GCC_NO_COMMON_BLOCKS = YES;
				GCC_OPTIMIZATION_LEVEL = 0;
				GCC_PREPROCESSOR_DEFINITIONS = (
					"DEBUG=1",
					"$(inherited)",
				);
				GCC_WARN_64_TO_32_BIT_CONVERSION = YES;
				GCC_WARN_ABOUT_RETURN_TYPE = YES_ERROR;
				GCC_WARN_UNDECLARED_SELECTOR = YES;
				GCC_WARN_UNINITIALIZED_AUTOS = YES_AGGRESSIVE;
				GCC_WARN_UNUSED_FUNCTION = YES;
				GCC_WARN_UNUSED_VARIABLE = YES;
				IPHONEOS_DEPLOYMENT_TARGET = 18.0;
				LOCALIZATION_PREFERS_STRING_CATALOGS = YES;
				MTL_ENABLE_DEBUG_INFO = INCLUDE_SOURCE;
				MTL_FAST_MATH = YES;
				ONLY_ACTIVE_ARCH = YES;
				SDKROOT = iphoneos;
				SWIFT_ACTIVE_COMPILATION_CONDITIONS = "DEBUG $(inherited)";
				SWIFT_OPTIMIZATION_LEVEL = "-Onone";
			};
			name = Debug;
		};
		6FB570652C6DE58F00E6A173 /* Release */ = {
			isa = XCBuildConfiguration;
			buildSettings = {
				ALWAYS_SEARCH_USER_PATHS = NO;
				ASSETCATALOG_COMPILER_GENERATE_SWIFT_ASSET_SYMBOL_EXTENSIONS = YES;
				CLANG_ANALYZER_NONNULL = YES;
				CLANG_ANALYZER_NUMBER_OBJECT_CONVERSION = YES_AGGRESSIVE;
				CLANG_CXX_LANGUAGE_STANDARD = "gnu++20";
				CLANG_ENABLE_MODULES = YES;
				CLANG_ENABLE_OBJC_ARC = YES;
				CLANG_ENABLE_OBJC_WEAK = YES;
				CLANG_WARN_BLOCK_CAPTURE_AUTORELEASING = YES;
				CLANG_WARN_BOOL_CONVERSION = YES;
				CLANG_WARN_COMMA = YES;
				CLANG_WARN_CONSTANT_CONVERSION = YES;
				CLANG_WARN_DEPRECATED_OBJC_IMPLEMENTATIONS = YES;
				CLANG_WARN_DIRECT_OBJC_ISA_USAGE = YES_ERROR;
				CLANG_WARN_DOCUMENTATION_COMMENTS = YES;
				CLANG_WARN_EMPTY_BODY = YES;
				CLANG_WARN_ENUM_CONVERSION = YES;
				CLANG_WARN_INFINITE_RECURSION = YES;
				CLANG_WARN_INT_CONVERSION = YES;
				CLANG_WARN_NON_LITERAL_NULL_CONVERSION = YES;
				CLANG_WARN_OBJC_IMPLICIT_RETAIN_SELF = YES;
				CLANG_WARN_OBJC_LITERAL_CONVERSION = YES;
				CLANG_WARN_OBJC_ROOT_CLASS = YES_ERROR;
				CLANG_WARN_QUOTED_INCLUDE_IN_FRAMEWORK_HEADER = YES;
				CLANG_WARN_RANGE_LOOP_ANALYSIS = YES;
				CLANG_WARN_STRICT_PROTOTYPES = YES;
				CLANG_WARN_SUSPICIOUS_MOVE = YES;
				CLANG_WARN_UNGUARDED_AVAILABILITY = YES_AGGRESSIVE;
				CLANG_WARN_UNREACHABLE_CODE = YES;
				CLANG_WARN__DUPLICATE_METHOD_MATCH = YES;
				COPY_PHASE_STRIP = NO;
				DEBUG_INFORMATION_FORMAT = "dwarf-with-dsym";
				ENABLE_NS_ASSERTIONS = NO;
				ENABLE_STRICT_OBJC_MSGSEND = YES;
				ENABLE_USER_SCRIPT_SANDBOXING = YES;
				GCC_C_LANGUAGE_STANDARD = gnu17;
				GCC_NO_COMMON_BLOCKS = YES;
				GCC_WARN_64_TO_32_BIT_CONVERSION = YES;
				GCC_WARN_ABOUT_RETURN_TYPE = YES_ERROR;
				GCC_WARN_UNDECLARED_SELECTOR = YES;
				GCC_WARN_UNINITIALIZED_AUTOS = YES_AGGRESSIVE;
				GCC_WARN_UNUSED_FUNCTION = YES;
				GCC_WARN_UNUSED_VARIABLE = YES;
				IPHONEOS_DEPLOYMENT_TARGET = 18.0;
				LOCALIZATION_PREFERS_STRING_CATALOGS = YES;
				MTL_ENABLE_DEBUG_INFO = NO;
				MTL_FAST_MATH = YES;
				SDKROOT = iphoneos;
				SWIFT_COMPILATION_MODE = wholemodule;
				VALIDATE_PRODUCT = YES;
			};
			name = Release;
		};
		6FB570672C6DE58F00E6A173 /* Debug */ = {
			isa = XCBuildConfiguration;
			buildSettings = {
				ASSETCATALOG_COMPILER_APPICON_NAME = AppIcon;
				ASSETCATALOG_COMPILER_GLOBAL_ACCENT_COLOR_NAME = AccentColor;
				CODE_SIGN_STYLE = Automatic;
				CURRENT_PROJECT_VERSION = 1;
				GENERATE_INFOPLIST_FILE = YES;
				INFOPLIST_FILE = PhotoEditor/Info.plist;
				INFOPLIST_KEY_UIApplicationSupportsIndirectInputEvents = YES;
				INFOPLIST_KEY_UILaunchStoryboardName = LaunchScreen;
				INFOPLIST_KEY_UIMainStoryboardFile = Main;
				INFOPLIST_KEY_UISupportedInterfaceOrientations_iPad = "UIInterfaceOrientationPortrait UIInterfaceOrientationPortraitUpsideDown UIInterfaceOrientationLandscapeLeft UIInterfaceOrientationLandscapeRight";
				INFOPLIST_KEY_UISupportedInterfaceOrientations_iPhone = "UIInterfaceOrientationPortrait UIInterfaceOrientationLandscapeLeft UIInterfaceOrientationLandscapeRight";
				LD_RUNPATH_SEARCH_PATHS = (
					"$(inherited)",
					"@executable_path/Frameworks",
				);
				MARKETING_VERSION = 1.0;
				PRODUCT_BUNDLE_IDENTIFIER = Centertek.PhotoEditor;
				PRODUCT_NAME = "$(TARGET_NAME)";
				SWIFT_EMIT_LOC_STRINGS = YES;
				SWIFT_VERSION = 5.0;
				TARGETED_DEVICE_FAMILY = "1,2";
			};
			name = Debug;
		};
		6FB570682C6DE58F00E6A173 /* Release */ = {
			isa = XCBuildConfiguration;
			buildSettings = {
				ASSETCATALOG_COMPILER_APPICON_NAME = AppIcon;
				ASSETCATALOG_COMPILER_GLOBAL_ACCENT_COLOR_NAME = AccentColor;
				CODE_SIGN_STYLE = Automatic;
				CURRENT_PROJECT_VERSION = 1;
				GENERATE_INFOPLIST_FILE = YES;
				INFOPLIST_FILE = PhotoEditor/Info.plist;
				INFOPLIST_KEY_UIApplicationSupportsIndirectInputEvents = YES;
				INFOPLIST_KEY_UILaunchStoryboardName = LaunchScreen;
				INFOPLIST_KEY_UIMainStoryboardFile = Main;
				INFOPLIST_KEY_UISupportedInterfaceOrientations_iPad = "UIInterfaceOrientationPortrait UIInterfaceOrientationPortraitUpsideDown UIInterfaceOrientationLandscapeLeft UIInterfaceOrientationLandscapeRight";
				INFOPLIST_KEY_UISupportedInterfaceOrientations_iPhone = "UIInterfaceOrientationPortrait UIInterfaceOrientationLandscapeLeft UIInterfaceOrientationLandscapeRight";
				LD_RUNPATH_SEARCH_PATHS = (
					"$(inherited)",
					"@executable_path/Frameworks",
				);
				MARKETING_VERSION = 1.0;
				PRODUCT_BUNDLE_IDENTIFIER = Centertek.PhotoEditor;
				PRODUCT_NAME = "$(TARGET_NAME)";
				SWIFT_EMIT_LOC_STRINGS = YES;
				SWIFT_VERSION = 5.0;
				TARGETED_DEVICE_FAMILY = "1,2";
			};
			name = Release;
		};
		6FB5706A2C6DE58F00E6A173 /* Debug */ = {
			isa = XCBuildConfiguration;
			buildSettings = {
				BUNDLE_LOADER = "$(TEST_HOST)";
				CODE_SIGN_STYLE = Automatic;
				CURRENT_PROJECT_VERSION = 1;
				GENERATE_INFOPLIST_FILE = YES;
				IPHONEOS_DEPLOYMENT_TARGET = 18.0;
				MARKETING_VERSION = 1.0;
				PRODUCT_BUNDLE_IDENTIFIER = Centertek.PhotoEditorTests;
				PRODUCT_NAME = "$(TARGET_NAME)";
				SWIFT_EMIT_LOC_STRINGS = NO;
				SWIFT_VERSION = 5.0;
				TARGETED_DEVICE_FAMILY = "1,2";
				TEST_HOST = "$(BUILT_PRODUCTS_DIR)/PhotoEditor.app/$(BUNDLE_EXECUTABLE_FOLDER_PATH)/PhotoEditor";
			};
			name = Debug;
		};
		6FB5706B2C6DE58F00E6A173 /* Release */ = {
			isa = XCBuildConfiguration;
			buildSettings = {
				BUNDLE_LOADER = "$(TEST_HOST)";
				CODE_SIGN_STYLE = Automatic;
				CURRENT_PROJECT_VERSION = 1;
				GENERATE_INFOPLIST_FILE = YES;
				IPHONEOS_DEPLOYMENT_TARGET = 18.0;
				MARKETING_VERSION = 1.0;
				PRODUCT_BUNDLE_IDENTIFIER = Centertek.PhotoEditorTests;
				PRODUCT_NAME = "$(TARGET_NAME)";
				SWIFT_EMIT_LOC_STRINGS = NO;
				SWIFT_VERSION = 5.0;
				TARGETED_DEVICE_FAMILY = "1,2";
				TEST_HOST = "$(BUILT_PRODUCTS_DIR)/PhotoEditor.app/$(BUNDLE_EXECUTABLE_FOLDER_PATH)/PhotoEditor";
			};
			name = Release;
		};
		6FB5706D2C6DE58F00E6A173 /* Debug */ = {
			isa = XCBuildConfiguration;
			buildSettings = {
				CODE_SIGN_STYLE = Automatic;
				CURRENT_PROJECT_VERSION = 1;
				GENERATE_INFOPLIST_FILE = YES;
				MARKETING_VERSION = 1.0;
				PRODUCT_BUNDLE_IDENTIFIER = Centertek.PhotoEditorUITests;
				PRODUCT_NAME = "$(TARGET_NAME)";
				SWIFT_EMIT_LOC_STRINGS = NO;
				SWIFT_VERSION = 5.0;
				TARGETED_DEVICE_FAMILY = "1,2";
				TEST_TARGET_NAME = PhotoEditor;
			};
			name = Debug;
		};
		6FB5706E2C6DE58F00E6A173 /* Release */ = {
			isa = XCBuildConfiguration;
			buildSettings = {
				CODE_SIGN_STYLE = Automatic;
				CURRENT_PROJECT_VERSION = 1;
				GENERATE_INFOPLIST_FILE = YES;
				MARKETING_VERSION = 1.0;
				PRODUCT_BUNDLE_IDENTIFIER = Centertek.PhotoEditorUITests;
				PRODUCT_NAME = "$(TARGET_NAME)";
				SWIFT_EMIT_LOC_STRINGS = NO;
				SWIFT_VERSION = 5.0;
				TARGETED_DEVICE_FAMILY = "1,2";
				TEST_TARGET_NAME = PhotoEditor;
			};
			name = Release;
		};
/* End XCBuildConfiguration section */

/* Begin XCConfigurationList section */
		6FB570372C6DE58E00E6A173 /* Build configuration list for PBXProject "PhotoEditor" */ = {
			isa = XCConfigurationList;
			buildConfigurations = (
				6FB570642C6DE58F00E6A173 /* Debug */,
				6FB570652C6DE58F00E6A173 /* Release */,
			);
			defaultConfigurationIsVisible = 0;
			defaultConfigurationName = Release;
		};
		6FB570662C6DE58F00E6A173 /* Build configuration list for PBXNativeTarget "PhotoEditor" */ = {
			isa = XCConfigurationList;
			buildConfigurations = (
				6FB570672C6DE58F00E6A173 /* Debug */,
				6FB570682C6DE58F00E6A173 /* Release */,
			);
			defaultConfigurationIsVisible = 0;
			defaultConfigurationName = Release;
		};
		6FB570692C6DE58F00E6A173 /* Build configuration list for PBXNativeTarget "PhotoEditorTests" */ = {
			isa = XCConfigurationList;
			buildConfigurations = (
				6FB5706A2C6DE58F00E6A173 /* Debug */,
				6FB5706B2C6DE58F00E6A173 /* Release */,
			);
			defaultConfigurationIsVisible = 0;
			defaultConfigurationName = Release;
		};
		6FB5706C2C6DE58F00E6A173 /* Build configuration list for PBXNativeTarget "PhotoEditorUITests" */ = {
			isa = XCConfigurationList;
			buildConfigurations = (
				6FB5706D2C6DE58F00E6A173 /* Debug */,
				6FB5706E2C6DE58F00E6A173 /* Release */,
			);
			defaultConfigurationIsVisible = 0;
			defaultConfigurationName = Release;
		};
/* End XCConfigurationList section */
	};
	rootObject = 6FB570342C6DE58E00E6A173 /* Project object */;
}
